
Microsoft Visual Studio Solution File, Format Version 12.00
# Visual Studio Version 16
VisualStudioVersion = 16.0.30406.217
MinimumVisualStudioVersion = 10.0.40219.1
Project("{9A19103F-16F7-4668-BE54-9A1E7A4F7556}") = "AspTodo", "AspTodo\AspTodo.csproj", "{9101DC61-3219-4875-BC75-03FD168627FB}"
EndProject
Global
	GlobalSection(SolutionConfigurationPlatforms) = preSolution
		Debug|Any CPU = Debug|Any CPU
		Release|Any CPU = Release|Any CPU
	EndGlobalSection
	GlobalSection(ProjectConfigurationPlatforms) = postSolution
		{9101DC61-3219-4875-BC75-03FD168627FB}.Debug|Any CPU.ActiveCfg = Debug|Any CPU
		{9101DC61-3219-4875-BC75-03FD168627FB}.Debug|Any CPU.Build.0 = Debug|Any CPU
		{9101DC61-3219-4875-BC75-03FD168627FB}.Release|Any CPU.ActiveCfg = Release|Any CPU
		{9101DC61-3219-4875-BC75-03FD168627FB}.Release|Any CPU.Build.0 = Release|Any CPU
	EndGlobalSection
	GlobalSection(SolutionProperties) = preSolution
		HideSolutionNode = FALSE
	EndGlobalSection
	GlobalSection(ExtensibilityGlobals) = postSolution
		SolutionGuid = {0A2CDE81-C7C8-47B5-9F85-8C8A8AE76B49}
	EndGlobalSection
EndGlobal
